
Microsoft Visual Studio Solution File, Format Version 12.00
# Visual Studio Version 17
VisualStudioVersion = 17.13.35931.197 d17.13
MinimumVisualStudioVersion = 10.0.40219.1
Project("{8BC9CEB8-8B4A-11D0-8D11-00A0C91BC942}") = "MicMuteToggle", "MicMuteToggle.vcxproj", "{98A181D4-E3BA-411F-A4B9-EF8A2C541884}"
EndProject
Global
	GlobalSection(SolutionConfigurationPlatforms) = preSolution
		Debug|x64 = Debug|x64
		Release|x64 = Release|x64
	EndGlobalSection
	GlobalSection(ProjectConfigurationPlatforms) = postSolution
		{98A181D4-E3BA-411F-A4B9-EF8A2C541884}.Debug|x64.ActiveCfg = Debug|x64
		{98A181D4-E3BA-411F-A4B9-EF8A2C541884}.Debug|x64.Build.0 = Debug|x64
		{98A181D4-E3BA-411F-A4B9-EF8A2C541884}.Release|x64.ActiveCfg = Release|x64
		{98A181D4-E3BA-411F-A4B9-EF8A2C541884}.Release|x64.Build.0 = Release|x64
	EndGlobalSection
	GlobalSection(SolutionProperties) = preSolution
		HideSolutionNode = FALSE
	EndGlobalSection
	GlobalSection(ExtensibilityGlobals) = postSolution
		SolutionGuid = {D159FCD7-9CFE-4737-BDFF-63F8133D1482}
	EndGlobalSection
EndGlobal
