
Microsoft Visual Studio Solution File, Format Version 12.00
# Visual Studio Version 17
VisualStudioVersion = 17.9.34414.90
MinimumVisualStudioVersion = 10.0.40219.1
Project("{FAE04EC0-301F-11D3-BF4B-00C04F79EFBC}") = "ConProgBarSharp", "ConProgBarSharp.csproj", "{59DAC0A7-6658-4698-B4BF-446124304EE6}"
EndProject
Global
	GlobalSection(SolutionConfigurationPlatforms) = preSolution
		Debug|Any CPU = Debug|Any CPU
		Release|Any CPU = Release|Any CPU
	EndGlobalSection
	GlobalSection(ProjectConfigurationPlatforms) = postSolution
		{59DAC0A7-6658-4698-B4BF-446124304EE6}.Debug|Any CPU.ActiveCfg = Debug|Any CPU
		{59DAC0A7-6658-4698-B4BF-446124304EE6}.Debug|Any CPU.Build.0 = Debug|Any CPU
		{59DAC0A7-6658-4698-B4BF-446124304EE6}.Release|Any CPU.ActiveCfg = Release|Any CPU
		{59DAC0A7-6658-4698-B4BF-446124304EE6}.Release|Any CPU.Build.0 = Release|Any CPU
	EndGlobalSection
	GlobalSection(SolutionProperties) = preSolution
		HideSolutionNode = FALSE
	EndGlobalSection
	GlobalSection(ExtensibilityGlobals) = postSolution
		SolutionGuid = {8B335C96-8BB5-42AB-A850-CC49A99BA8F5}
	EndGlobalSection
EndGlobal
