
Microsoft Visual Studio Solution File, Format Version 12.00
# Visual Studio Version 16
VisualStudioVersion = 16.0.31105.61
MinimumVisualStudioVersion = 10.0.40219.1
Project("{FAE04EC0-301F-11D3-BF4B-00C04F79EFBC}") = "Redate", "Redate.csproj", "{520453C7-A58D-4B2D-A388-8D34689CADB7}"
EndProject
Global
	GlobalSection(SolutionConfigurationPlatforms) = preSolution
		Debug|Any CPU = Debug|Any CPU
		Release|Any CPU = Release|Any CPU
	EndGlobalSection
	GlobalSection(ProjectConfigurationPlatforms) = postSolution
		{520453C7-A58D-4B2D-A388-8D34689CADB7}.Debug|Any CPU.ActiveCfg = Debug|Any CPU
		{520453C7-A58D-4B2D-A388-8D34689CADB7}.Debug|Any CPU.Build.0 = Debug|Any CPU
		{520453C7-A58D-4B2D-A388-8D34689CADB7}.Release|Any CPU.ActiveCfg = Release|Any CPU
		{520453C7-A58D-4B2D-A388-8D34689CADB7}.Release|Any CPU.Build.0 = Release|Any CPU
	EndGlobalSection
	GlobalSection(SolutionProperties) = preSolution
		HideSolutionNode = FALSE
	EndGlobalSection
	GlobalSection(ExtensibilityGlobals) = postSolution
		SolutionGuid = {05701EA7-CECA-43C3-B721-A8F70326622C}
	EndGlobalSection
EndGlobal
