
Microsoft Visual Studio Solution File, Format Version 12.00
# Visual Studio Version 17
VisualStudioVersion = 17.7.34024.191
MinimumVisualStudioVersion = 10.0.40219.1
Project("{FAE04EC0-301F-11D3-BF4B-00C04F79EFBC}") = "TestConApp", "TestConApp.csproj", "{DDF73EF0-86BF-4F5F-A8D5-D553393C38B6}"
EndProject
Global
	GlobalSection(SolutionConfigurationPlatforms) = preSolution
		Debug|Any CPU = Debug|Any CPU
		Release|Any CPU = Release|Any CPU
	EndGlobalSection
	GlobalSection(ProjectConfigurationPlatforms) = postSolution
		{DDF73EF0-86BF-4F5F-A8D5-D553393C38B6}.Debug|Any CPU.ActiveCfg = Debug|Any CPU
		{DDF73EF0-86BF-4F5F-A8D5-D553393C38B6}.Debug|Any CPU.Build.0 = Debug|Any CPU
		{DDF73EF0-86BF-4F5F-A8D5-D553393C38B6}.Release|Any CPU.ActiveCfg = Release|Any CPU
		{DDF73EF0-86BF-4F5F-A8D5-D553393C38B6}.Release|Any CPU.Build.0 = Release|Any CPU
	EndGlobalSection
	GlobalSection(SolutionProperties) = preSolution
		HideSolutionNode = FALSE
	EndGlobalSection
	GlobalSection(ExtensibilityGlobals) = postSolution
		SolutionGuid = {18015370-228E-4430-95C5-E8DBE61D1A2E}
	EndGlobalSection
EndGlobal
