
Microsoft Visual Studio Solution File, Format Version 12.00
# Visual Studio Version 17
VisualStudioVersion = 17.7.34024.191
MinimumVisualStudioVersion = 10.0.40219.1
Project("{FAE04EC0-301F-11D3-BF4B-00C04F79EFBC}") = "ColorVariantsWheelTest", "ColorVariantsWheelTest\ColorVariantsWheelTest.csproj", "{DB0B79DE-DE3C-489B-9023-8759AF59AF73}"
EndProject
Project("{2150E333-8FDC-42A3-9474-1A3956D46DE8}") = "src", "src", "{1B02F645-1BA9-46CC-B777-890AA2196D06}"
	ProjectSection(SolutionItems) = preProject
		src\ColorVariantsWheel.cs = src\ColorVariantsWheel.cs
	EndProjectSection
EndProject
Global
	GlobalSection(SolutionConfigurationPlatforms) = preSolution
		Debug|Any CPU = Debug|Any CPU
		Release|Any CPU = Release|Any CPU
	EndGlobalSection
	GlobalSection(ProjectConfigurationPlatforms) = postSolution
		{DB0B79DE-DE3C-489B-9023-8759AF59AF73}.Debug|Any CPU.ActiveCfg = Debug|Any CPU
		{DB0B79DE-DE3C-489B-9023-8759AF59AF73}.Debug|Any CPU.Build.0 = Debug|Any CPU
		{DB0B79DE-DE3C-489B-9023-8759AF59AF73}.Release|Any CPU.ActiveCfg = Release|Any CPU
		{DB0B79DE-DE3C-489B-9023-8759AF59AF73}.Release|Any CPU.Build.0 = Release|Any CPU
	EndGlobalSection
	GlobalSection(SolutionProperties) = preSolution
		HideSolutionNode = FALSE
	EndGlobalSection
	GlobalSection(ExtensibilityGlobals) = postSolution
		SolutionGuid = {5512C850-D918-4149-97AE-C0DB81FF77A3}
	EndGlobalSection
EndGlobal
