
Microsoft Visual Studio Solution File, Format Version 12.00
# Visual Studio 15
VisualStudioVersion = 15.0.28010.2036
MinimumVisualStudioVersion = 10.0.40219.1
Project("{FAE04EC0-301F-11D3-BF4B-00C04F79EFBC}") = "scfeu", "scfeu.csproj", "{CE9F928E-A8B0-428E-A41E-00BD9AD6A053}"
EndProject
Global
	GlobalSection(SolutionConfigurationPlatforms) = preSolution
		Debug|Any CPU = Debug|Any CPU
		Release|Any CPU = Release|Any CPU
	EndGlobalSection
	GlobalSection(ProjectConfigurationPlatforms) = postSolution
		{CE9F928E-A8B0-428E-A41E-00BD9AD6A053}.Debug|Any CPU.ActiveCfg = Debug|Any CPU
		{CE9F928E-A8B0-428E-A41E-00BD9AD6A053}.Debug|Any CPU.Build.0 = Debug|Any CPU
		{CE9F928E-A8B0-428E-A41E-00BD9AD6A053}.Release|Any CPU.ActiveCfg = Release|Any CPU
		{CE9F928E-A8B0-428E-A41E-00BD9AD6A053}.Release|Any CPU.Build.0 = Release|Any CPU
	EndGlobalSection
	GlobalSection(SolutionProperties) = preSolution
		HideSolutionNode = FALSE
	EndGlobalSection
	GlobalSection(ExtensibilityGlobals) = postSolution
		SolutionGuid = {2A16B364-011F-4C48-9C29-DE30A87B5063}
	EndGlobalSection
EndGlobal
